
Microsoft Visual Studio Solution File, Format Version 12.00
# Visual Studio Version 17
VisualStudioVersion = 17.6.33723.286
MinimumVisualStudioVersion = 10.0.40219.1
Project("{FAE04EC0-301F-11D3-BF4B-00C04F79EFBC}") = "RageMPGetHashApp", "RageMPGetHashApp\RageMPGetHashApp.csproj", "{F4F36A43-5842-4AB1-994A-E9180FFDCC0F}"
EndProject
Global
	GlobalSection(SolutionConfigurationPlatforms) = preSolution
		Debug|Any CPU = Debug|Any CPU
		Release|Any CPU = Release|Any CPU
	EndGlobalSection
	GlobalSection(ProjectConfigurationPlatforms) = postSolution
		{F4F36A43-5842-4AB1-994A-E9180FFDCC0F}.Debug|Any CPU.ActiveCfg = Debug|Any CPU
		{F4F36A43-5842-4AB1-994A-E9180FFDCC0F}.Debug|Any CPU.Build.0 = Debug|Any CPU
		{F4F36A43-5842-4AB1-994A-E9180FFDCC0F}.Release|Any CPU.ActiveCfg = Release|Any CPU
		{F4F36A43-5842-4AB1-994A-E9180FFDCC0F}.Release|Any CPU.Build.0 = Release|Any CPU
	EndGlobalSection
	GlobalSection(SolutionProperties) = preSolution
		HideSolutionNode = FALSE
	EndGlobalSection
	GlobalSection(ExtensibilityGlobals) = postSolution
		SolutionGuid = {248C8800-6D03-49DF-BA02-E9AA4928D360}
	EndGlobalSection
EndGlobal
